
Microsoft Visual Studio Solution File, Format Version 12.00
# Visual Studio Version 17
VisualStudioVersion = 17.1.32228.430
MinimumVisualStudioVersion = 10.0.40219.1
Project("{FAE04EC0-301F-11D3-BF4B-00C04F79EFBC}") = "WeatherApp.Android", "WeatherApp\WeatherApp.Android\WeatherApp.Android.csproj", "{85083E99-8ECD-41EE-B4E1-2BD3D7831EA5}"
EndProject
Project("{FAE04EC0-301F-11D3-BF4B-00C04F79EFBC}") = "WeatherApp.iOS", "WeatherApp\WeatherApp.iOS\WeatherApp.iOS.csproj", "{EB5E359A-B447-4CEA-826C-2D3CE623D6E4}"
EndProject
Project("{FAE04EC0-301F-11D3-BF4B-00C04F79EFBC}") = "WeatherApp", "WeatherApp\WeatherApp\WeatherApp.csproj", "{B2BE5F2E-270B-4EAB-8E40-CFDC2D7E643F}"
EndProject
Global
	GlobalSection(SolutionConfigurationPlatforms) = preSolution
		Debug|Any CPU = Debug|Any CPU
		Debug|iPhone = Debug|iPhone
		Debug|iPhoneSimulator = Debug|iPhoneSimulator
		Release|Any CPU = Release|Any CPU
		Release|iPhone = Release|iPhone
		Release|iPhoneSimulator = Release|iPhoneSimulator
	EndGlobalSection
	GlobalSection(ProjectConfigurationPlatforms) = postSolution
		{85083E99-8ECD-41EE-B4E1-2BD3D7831EA5}.Debug|Any CPU.ActiveCfg = Debug|Any CPU
		{85083E99-8ECD-41EE-B4E1-2BD3D7831EA5}.Debug|Any CPU.Build.0 = Debug|Any CPU
		{85083E99-8ECD-41EE-B4E1-2BD3D7831EA5}.Debug|Any CPU.Deploy.0 = Debug|Any CPU
		{85083E99-8ECD-41EE-B4E1-2BD3D7831EA5}.Debug|iPhone.ActiveCfg = Debug|Any CPU
		{85083E99-8ECD-41EE-B4E1-2BD3D7831EA5}.Debug|iPhone.Build.0 = Debug|Any CPU
		{85083E99-8ECD-41EE-B4E1-2BD3D7831EA5}.Debug|iPhone.Deploy.0 = Debug|Any CPU
		{85083E99-8ECD-41EE-B4E1-2BD3D7831EA5}.Debug|iPhoneSimulator.ActiveCfg = Debug|Any CPU
		{85083E99-8ECD-41EE-B4E1-2BD3D7831EA5}.Debug|iPhoneSimulator.Build.0 = Debug|Any CPU
		{85083E99-8ECD-41EE-B4E1-2BD3D7831EA5}.Debug|iPhoneSimulator.Deploy.0 = Debug|Any CPU
		{85083E99-8ECD-41EE-B4E1-2BD3D7831EA5}.Release|Any CPU.ActiveCfg = Release|Any CPU
		{85083E99-8ECD-41EE-B4E1-2BD3D7831EA5}.Release|Any CPU.Build.0 = Release|Any CPU
		{85083E99-8ECD-41EE-B4E1-2BD3D7831EA5}.Release|Any CPU.Deploy.0 = Release|Any CPU
		{85083E99-8ECD-41EE-B4E1-2BD3D7831EA5}.Release|iPhone.ActiveCfg = Release|Any CPU
		{85083E99-8ECD-41EE-B4E1-2BD3D7831EA5}.Release|iPhone.Build.0 = Release|Any CPU
		{85083E99-8ECD-41EE-B4E1-2BD3D7831EA5}.Release|iPhone.Deploy.0 = Release|Any CPU
		{85083E99-8ECD-41EE-B4E1-2BD3D7831EA5}.Release|iPhoneSimulator.ActiveCfg = Release|Any CPU
		{85083E99-8ECD-41EE-B4E1-2BD3D7831EA5}.Release|iPhoneSimulator.Build.0 = Release|Any CPU
		{85083E99-8ECD-41EE-B4E1-2BD3D7831EA5}.Release|iPhoneSimulator.Deploy.0 = Release|Any CPU
		{EB5E359A-B447-4CEA-826C-2D3CE623D6E4}.Debug|Any CPU.ActiveCfg = Debug|iPhone
		{EB5E359A-B447-4CEA-826C-2D3CE623D6E4}.Debug|Any CPU.Build.0 = Debug|iPhone
		{EB5E359A-B447-4CEA-826C-2D3CE623D6E4}.Debug|Any CPU.Deploy.0 = Debug|iPhone
		{EB5E359A-B447-4CEA-826C-2D3CE623D6E4}.Debug|iPhone.ActiveCfg = Debug|iPhone
		{EB5E359A-B447-4CEA-826C-2D3CE623D6E4}.Debug|iPhone.Build.0 = Debug|iPhone
		{EB5E359A-B447-4CEA-826C-2D3CE623D6E4}.Debug|iPhone.Deploy.0 = Debug|iPhone
		{EB5E359A-B447-4CEA-826C-2D3CE623D6E4}.Debug|iPhoneSimulator.ActiveCfg = Debug|iPhoneSimulator
		{EB5E359A-B447-4CEA-826C-2D3CE623D6E4}.Debug|iPhoneSimulator.Build.0 = Debug|iPhoneSimulator
		{EB5E359A-B447-4CEA-826C-2D3CE623D6E4}.Debug|iPhoneSimulator.Deploy.0 = Debug|iPhoneSimulator
		{EB5E359A-B447-4CEA-826C-2D3CE623D6E4}.Release|Any CPU.ActiveCfg = Release|iPhoneSimulator
		{EB5E359A-B447-4CEA-826C-2D3CE623D6E4}.Release|Any CPU.Build.0 = Release|iPhoneSimulator
		{EB5E359A-B447-4CEA-826C-2D3CE623D6E4}.Release|Any CPU.Deploy.0 = Release|iPhoneSimulator
		{EB5E359A-B447-4CEA-826C-2D3CE623D6E4}.Release|iPhone.ActiveCfg = Release|iPhone
		{EB5E359A-B447-4CEA-826C-2D3CE623D6E4}.Release|iPhone.Build.0 = Release|iPhone
		{EB5E359A-B447-4CEA-826C-2D3CE623D6E4}.Release|iPhone.Deploy.0 = Release|iPhone
		{EB5E359A-B447-4CEA-826C-2D3CE623D6E4}.Release|iPhoneSimulator.ActiveCfg = Release|iPhoneSimulator
		{EB5E359A-B447-4CEA-826C-2D3CE623D6E4}.Release|iPhoneSimulator.Build.0 = Release|iPhoneSimulator
		{EB5E359A-B447-4CEA-826C-2D3CE623D6E4}.Release|iPhoneSimulator.Deploy.0 = Release|iPhoneSimulator
		{B2BE5F2E-270B-4EAB-8E40-CFDC2D7E643F}.Debug|Any CPU.ActiveCfg = Debug|Any CPU
		{B2BE5F2E-270B-4EAB-8E40-CFDC2D7E643F}.Debug|Any CPU.Build.0 = Debug|Any CPU
		{B2BE5F2E-270B-4EAB-8E40-CFDC2D7E643F}.Debug|Any CPU.Deploy.0 = Debug|Any CPU
		{B2BE5F2E-270B-4EAB-8E40-CFDC2D7E643F}.Debug|iPhone.ActiveCfg = Debug|Any CPU
		{B2BE5F2E-270B-4EAB-8E40-CFDC2D7E643F}.Debug|iPhone.Build.0 = Debug|Any CPU
		{B2BE5F2E-270B-4EAB-8E40-CFDC2D7E643F}.Debug|iPhone.Deploy.0 = Debug|Any CPU
		{B2BE5F2E-270B-4EAB-8E40-CFDC2D7E643F}.Debug|iPhoneSimulator.ActiveCfg = Debug|Any CPU
		{B2BE5F2E-270B-4EAB-8E40-CFDC2D7E643F}.Debug|iPhoneSimulator.Build.0 = Debug|Any CPU
		{B2BE5F2E-270B-4EAB-8E40-CFDC2D7E643F}.Debug|iPhoneSimulator.Deploy.0 = Debug|Any CPU
		{B2BE5F2E-270B-4EAB-8E40-CFDC2D7E643F}.Release|Any CPU.ActiveCfg = Release|Any CPU
		{B2BE5F2E-270B-4EAB-8E40-CFDC2D7E643F}.Release|Any CPU.Build.0 = Release|Any CPU
		{B2BE5F2E-270B-4EAB-8E40-CFDC2D7E643F}.Release|Any CPU.Deploy.0 = Release|Any CPU
		{B2BE5F2E-270B-4EAB-8E40-CFDC2D7E643F}.Release|iPhone.ActiveCfg = Release|Any CPU
		{B2BE5F2E-270B-4EAB-8E40-CFDC2D7E643F}.Release|iPhone.Build.0 = Release|Any CPU
		{B2BE5F2E-270B-4EAB-8E40-CFDC2D7E643F}.Release|iPhone.Deploy.0 = Release|Any CPU
		{B2BE5F2E-270B-4EAB-8E40-CFDC2D7E643F}.Release|iPhoneSimulator.ActiveCfg = Release|Any CPU
		{B2BE5F2E-270B-4EAB-8E40-CFDC2D7E643F}.Release|iPhoneSimulator.Build.0 = Release|Any CPU
		{B2BE5F2E-270B-4EAB-8E40-CFDC2D7E643F}.Release|iPhoneSimulator.Deploy.0 = Release|Any CPU
	EndGlobalSection
	GlobalSection(SolutionProperties) = preSolution
		HideSolutionNode = FALSE
	EndGlobalSection
	GlobalSection(ExtensibilityGlobals) = postSolution
		SolutionGuid = {E383E08A-6D2E-4A94-8C41-2AB53D37901D}
	EndGlobalSection
EndGlobal
